github.com/Sagleft/utopialib-go v1.1.0 h1:XaoM2KXAmbGpNpaVgJHqTlY7v93Nc1G6WW2tWnIB52M=
github.com/Sagleft/utopialib-go v1.1.0/go.mod h1:4/F9ivBk17cBHldczN6R60vyYjAwzqL/0fXq5elFXfo=
gopkg.in/grignaak/tribool.v1 v1.0.0-20150312065122-d6bb19d816df h1:SCh+kVSG+MN/pU/l0/3ehkc3i9T+G6AQS6jEoxM4ddY=
gopkg.in/grignaak/tribool.v1 v1.0.0-20150312065122-d6bb19d816df/go.mod h1:ikoZVciJt+u3It4kEk89OVqIKHPU9BjrgkHSr++TA2w=
